# This file is autogenerated, do not edit; changes may be undone by the next 'dep ensure'.


[[projects]]
  digest = "1:cbc5ec016cfe33fc04c91886a6f69f769951f2fa39ee330c3ff1449621e35831"
  name = "github.com/asdine/genji"
  packages = [
    "engine",
    "engine/bolt",
  ]
  pruneopts = "UT"
  revision = "7ec93c552d0c1ae8b811fcc2eb66534b372fe316"
  version = "v0.1.0"

[[projects]]
  digest = "1:e4399338acb360cfac1ddcebf3576c54be9908519a24cacdf764792f1dfeab2d"
  name = "github.com/docktermj/go-logger"
  packages = ["logger"]
  pruneopts = "UT"
  revision = "453860557ae296be9661b3cf2f732e31e8fdea82"
  version = "1.0.4"

[[projects]]
  digest = "1:f2ac2c724fc8214bb7b9dd6d4f5b7a983152051f5133320f228557182263cb94"
  name = "github.com/etcd-io/bbolt"
  packages = ["."]
  pruneopts = "UT"
  revision = "a0458a2b35708eef59eb5f620ceb3cd1c01a824d"
  version = "v1.3.3"

[[projects]]
  branch = "master"
  digest = "1:3d01ffc972d0bf484022abbc79f469da223261c4107eb5f5a02d63de3c0cdd72"
  name = "github.com/karlkfi/inject"
  packages = ["."]
  pruneopts = "UT"
  revision = "86d2a962209df14e41b6eae3e447ee7adceff87e"

[[projects]]
  branch = "master"
  digest = "1:d0c076b09de3e3682b81fa13a5150f7fc8ac93d9d90a0a7d46a882fb539d3523"
  name = "golang.org/x/sys"
  packages = ["unix"]
  pruneopts = "UT"
  revision = "1e83adbbebd0f5dc971915fd7e5db032c3d2b731"

[solve-meta]
  analyzer-name = "dep"
  analyzer-version = 1
  input-imports = [
    "github.com/asdine/genji/engine",
    "github.com/asdine/genji/engine/bolt",
    "github.com/docktermj/go-logger/logger",
    "github.com/karlkfi/inject",
  ]
  solver-name = "gps-cdcl"
  solver-version = 1
