# This file is autogenerated, do not edit; changes may be undone by the next 'dep ensure'.


[[projects]]
  branch = "master"
  digest = "1:82ecea56beacd16e900b4b94a041a3f030ea4b4ae36763389f075848ced02c16"
  name = "github.com/asdine/genji"
  packages = [
    ".",
    "engine",
    "engine/bolt",
    "field",
    "index",
    "query",
    "record",
    "table",
  ]
  pruneopts = "UT"
  revision = "afbb55a2afed51f19af7db213cbf8dae59d7070c"

[[projects]]
  digest = "1:e4399338acb360cfac1ddcebf3576c54be9908519a24cacdf764792f1dfeab2d"
  name = "github.com/docktermj/go-logger"
  packages = ["logger"]
  pruneopts = "UT"
  revision = "453860557ae296be9661b3cf2f732e31e8fdea82"
  version = "1.0.4"

[[projects]]
  digest = "1:16aabf3610693f98347e7d7b35ab0b7205d29391ce639c79fc975be1a2d1a5d4"
  name = "github.com/emersion/go-imap"
  packages = [
    ".",
    "backend",
    "commands",
    "responses",
    "server",
    "utf7",
  ]
  pruneopts = "UT"
  revision = "8c4bfb47d0cae8efd2cc8f13ec25b391cf2b7051"
  version = "v1.0.0"

[[projects]]
  branch = "master"
  digest = "1:0b59b9c2b7cc89cc3957fb0635483acad6a8cdd6563581f6023021e3160995a1"
  name = "github.com/emersion/go-sasl"
  packages = ["."]
  pruneopts = "UT"
  revision = "240c8404624e076f633766c16adbe96c7ac516b7"

[[projects]]
  digest = "1:f2ac2c724fc8214bb7b9dd6d4f5b7a983152051f5133320f228557182263cb94"
  name = "github.com/etcd-io/bbolt"
  packages = ["."]
  pruneopts = "UT"
  revision = "a0458a2b35708eef59eb5f620ceb3cd1c01a824d"
  version = "v1.3.3"

[[projects]]
  digest = "1:573ca21d3669500ff845bdebee890eb7fc7f0f50c59f2132f2a0c6b03d85086a"
  name = "github.com/golang/protobuf"
  packages = ["proto"]
  pruneopts = "UT"
  revision = "6c65a5562fc06764971b7c5d05c76c75e84bdbf7"
  version = "v1.3.2"

[[projects]]
  digest = "1:0bfbe13936953a98ae3cfe8ed6670d396ad81edf069a806d2f6515d7bb6950df"
  name = "github.com/google/btree"
  packages = ["."]
  pruneopts = "UT"
  revision = "4030bb1f1f0c35b30ca7009e9ebd06849dd45306"
  version = "v1.0.0"

[[projects]]
  digest = "1:e62657cca9badaa308d86e7716083e4c5933bb78e30a17743fc67f50be26f6f4"
  name = "github.com/gorilla/websocket"
  packages = ["."]
  pruneopts = "UT"
  revision = "c3e18be99d19e6b3e8f1559eea2c161a665c4b6b"
  version = "v1.4.1"

[[projects]]
  branch = "master"
  digest = "1:3d01ffc972d0bf484022abbc79f469da223261c4107eb5f5a02d63de3c0cdd72"
  name = "github.com/karlkfi/inject"
  packages = ["."]
  pruneopts = "UT"
  revision = "86d2a962209df14e41b6eae3e447ee7adceff87e"

[[projects]]
  digest = "1:860c25446f565f998eb698ddc033e9e43b2546eb950b20aca28f30ba73deb86d"
  name = "github.com/oklog/ulid"
  packages = ["."]
  pruneopts = "UT"
  revision = "be3bccf06dda9a40aa6800c4736ac77f2fef987f"
  version = "v2.0.2"

[[projects]]
  branch = "master"
  digest = "1:89da0f0574bc94cfd0ac8b59af67bf76cdd110d503df2721006b9f0492394333"
  name = "github.com/petar/GoLLRB"
  packages = ["llrb"]
  pruneopts = "UT"
  revision = "33fb24c13b99c46c93183c291836c573ac382536"

[[projects]]
  digest = "1:cf31692c14422fa27c83a05292eb5cbe0fb2775972e8f1f8446a71549bd8980b"
  name = "github.com/pkg/errors"
  packages = ["."]
  pruneopts = "UT"
  revision = "ba968bfe8b2f7e042a574c888954fccecfa385b4"
  version = "v0.8.1"

[[projects]]
  digest = "1:2e76a73cb51f42d63a2a1a85b3dc5731fd4faf6821b434bd0ef2c099186031d6"
  name = "github.com/rs/xid"
  packages = ["."]
  pruneopts = "UT"
  revision = "15d26544def341f036c5f8dca987a4cbe575032c"
  version = "v1.2.1"

[[projects]]
  branch = "master"
  digest = "1:d0c076b09de3e3682b81fa13a5150f7fc8ac93d9d90a0a7d46a882fb539d3523"
  name = "golang.org/x/sys"
  packages = ["unix"]
  pruneopts = "UT"
  revision = "1e83adbbebd0f5dc971915fd7e5db032c3d2b731"

[[projects]]
  digest = "1:cc38c2209a6c1f94debdfd96934865a258eac2f905a8d3f8fd56e7d0cfb85edd"
  name = "golang.org/x/text"
  packages = [
    "encoding",
    "encoding/internal/identifier",
    "internal/gen",
    "transform",
    "unicode/cldr",
  ]
  pruneopts = "UT"
  revision = "342b2e1fbaa52c93f31447ad2c6abc048c63e475"
  version = "v0.3.2"

[solve-meta]
  analyzer-name = "dep"
  analyzer-version = 1
  input-imports = [
    "github.com/asdine/genji",
    "github.com/asdine/genji/engine",
    "github.com/asdine/genji/engine/bolt",
    "github.com/asdine/genji/field",
    "github.com/asdine/genji/index",
    "github.com/asdine/genji/query",
    "github.com/asdine/genji/record",
    "github.com/docktermj/go-logger/logger",
    "github.com/emersion/go-imap",
    "github.com/emersion/go-imap/backend",
    "github.com/emersion/go-imap/server",
    "github.com/golang/protobuf/proto",
    "github.com/gorilla/websocket",
    "github.com/karlkfi/inject",
    "github.com/rs/xid",
  ]
  solver-name = "gps-cdcl"
  solver-version = 1
